schema: '2.0'
stages:
  get_ncbi_refseq:
    cmd: bash pipeline/s0.0_get_ncbi_refseq.sh
    deps:
    - path: pipeline/s0.0_get_ncbi_refseq.sh
      md5: 837b5f5eafaeb1bce06b909476276d05
      size: 8151
    outs:
    - path: ./data/refseq
      md5: 7e3fa86ff45297a95e4e235097ca92c7.dir
      size: 52933152676
      nfiles: 16664

  get_bacdive_ogt:
    cmd: python pipeline/s0.1_get_bacdive_ogt.py
    deps:
    - path: ./data/refseq
      md5: 7e3fa86ff45297a95e4e235097ca92c7.dir
      size: 52933152676
      nfiles: 16664
    - path: pipeline/s0.1_get_bacdive_ogt.py
      md5: ff952257156a357088e62a1164eca5ce
      size: 8539
    params:
      pipeline/s0_data_extraction_params.yaml:
        get_bacdive_ogt.n_jobs: 6
        get_bacdive_ogt.n_sample:
    outs:
    - path: ./data/metrics/s0.1_metrics.yaml
      md5: b057c231026ca4b0fa9d2fc8e3307d46
      size: 78
    - path: ./data/taxa/taxa_info_and_ogt.csv
      md5: a5bb1873b2aeac4026516a91dd94c3e1
      size: 3826414
  get_proteins:
    cmd: python pipeline/s1.1_get_protein_sequences.py
    deps:
    - path: ./data/refseq
      md5: 7e3fa86ff45297a95e4e235097ca92c7.dir
      size: 52933152676
      nfiles: 16664
    - path: ./data/taxa/taxa_info_and_ogt.csv
      md5: a5bb1873b2aeac4026516a91dd94c3e1
      size: 3826414
    - path: pipeline/s1.1_get_protein_sequences.py
      md5: 942e6f783cd671f62bdc585ba3a38dce
      size: 5397
    params:
      pipeline/s1_data_processing_params.yaml:
        get_protein_sequences.n_jobs: 2
        get_protein_sequences.n_sample:
    outs:
    - path: ./data/metrics/s1.1_metrics.yaml
      md5: 8c34f4fefe92eac1fc9656ba83be235a
      size: 55
    - path: ./data/taxa/16s_rRNA.csv
      md5: 533fb22500416e0a519bf68a6ca0423b
      size: 21316764
    - path: ./data/taxa/proteins
      md5: 546f2c4a8d73cf1655c9414808b2e492.dir
      size: 24260212365
      nfiles: 16664
  label_taxa:
    cmd: python pipeline/s1.0_label_taxa.py
    deps:
    - path: ./data/taxa/taxa_info_and_ogt.csv
      md5: a5bb1873b2aeac4026516a91dd94c3e1
      size: 3826414
    - path: pipeline/s1.0_label_taxa.py
      md5: 885283271394a0d5f91db4f039113b2e
      size: 3696
    params:
      pipeline/s1_data_processing_params.yaml:
        label_taxa.ogt_determination_method: true ogt only
        label_taxa.ogt_threshold: 40.0
    outs:
    - path: ./data/metrics/s1.0_metrics.yaml
      md5: b81c7de57507e95b010902f79b970d99
      size: 26
    - path: ./data/plots/ogt_hist.png
      md5: 871e6c2307c407eda0191b082617a367
      size: 35538
    - path: ./data/taxa/labels.csv
      md5: 22b516c22355a1697527f0099c5b8075
      size: 161752
  get_16s_blast_scores:
    cmd: python pipeline/s1.2_get_16s_blast_scores.py
    deps:
    - path: ./data/taxa/16s_rRNA.csv
      md5: 533fb22500416e0a519bf68a6ca0423b
      size: 21316764
    - path: ./data/taxa/labels.csv
      md5: 22b516c22355a1697527f0099c5b8075
      size: 161752
    - path: ./pipeline/s1.2_get_16s_blast_scores.py
      md5: 1fb89dc4b48cfc72ab52ff90a496494f
      size: 5713
    params:
      pipeline/s1_data_processing_params.yaml:
        get_16s_blast_scores.blast_metrics:
        - local_E_value
        - scaled_local_query_percent_id
        - scaled_local_symmetric_percent_id
        - local_gap_compressed_percent_id
        - local_average_coverage
        get_16s_blast_scores.gapextend_penalty: 1
        get_16s_blast_scores.gapopen_penalty: 2
        get_16s_blast_scores.n_jobs: 4
        get_16s_blast_scores.n_sample:
        get_16s_blast_scores.penalty: -2
        get_16s_blast_scores.reward: 1
        get_16s_blast_scores.ungapped: false
        get_16s_blast_scores.word_size: 28
    outs:
    - path: ./data/metrics/s1.2_metrics.yaml
      md5: d8037d675c3ac5efbe7fd85ca5316cfd
      size: 51
    - path: ./data/taxa_pairs/pairwise_16s_blast.csv
      md5: 44e154f0ec676bf54e52f106970b6313
      size: 69641588
  label_all_pairs:
    cmd: python pipeline/s1.3_label_all_pairs.py
    deps:
    - path: ./data/taxa_pairs/pairwise_16s_blast.csv
      md5: 44e154f0ec676bf54e52f106970b6313
      size: 69641588
    - path: ./pipeline/s1.3_label_all_pairs.py
      md5: 5dd3c52d39771580c402bd0531929235
      size: 3485
    params:
      pipeline/s1_data_processing_params.yaml:
        label_all_pairs:
          blast_metric_thresholds:
            scaled_local_symmetric_percent_id:
              thresh: 0.88
              greater: true
            local_average_coverage:
              thresh: 0.75
              greater: true
    outs:
    - path: ./data/metrics/s1.3_metrics.yaml
      md5: 17ebe184c757a0eaebe16f820785d8e5
      size: 67
    - path: ./data/taxa_pairs/pair_labels.csv
      md5: 1e3553083ea85e30feb35ae6f7a9c76d
      size: 9633344
  get_protein_blast_scores:
    cmd: python pipeline/s1.4_get_protein_blast_scores.py
    deps:
    - path: ./data/taxa/proteins
      md5: 546f2c4a8d73cf1655c9414808b2e492.dir
      size: 24260212365
      nfiles: 16664
    - path: ./data/taxa_pairs/pair_labels.csv
      md5: 1e3553083ea85e30feb35ae6f7a9c76d
      size: 9633344
    - path: ./pipeline/s1.4_get_protein_blast_scores.py
      md5: 63c9cd1cdea0a9495cef1974832eda17
      size: 8527
    params:
      pipeline/s1_data_processing_params.yaml:
        get_protein_blast_scores.blast_metrics:
        - local_E_value
        - scaled_local_query_percent_id
        - scaled_local_symmetric_percent_id
        - local_gap_compressed_percent_id
        get_protein_blast_scores.gapextend_penalty: 1
        get_protein_blast_scores.gapopen_penalty: 11
        get_protein_blast_scores.matrix: BLOSUM62
        get_protein_blast_scores.n_jobs: 1
        get_protein_blast_scores.n_sample: 1
        get_protein_blast_scores.ungapped: false
        get_protein_blast_scores.word_score_thresh: 11
        get_protein_blast_scores.word_size: 3
    outs:
    - path: ./data/metrics/s1.4_metrics.yaml
      md5: b5a2e81a7d8e81688be28cbe9a71a633
      size: 133
    - path: ./data/taxa_pairs/pairwise_protein_blast.csv
      md5: 233f53c664434663fd63522c71879a2a
      size: 422575881
