schema: '2.0'
stages:
  protein_alignment_resource_test:
    cmd: python ./analysis_pipeline/t1.4_protein_alignment_resource_test.py
    deps:
    - path: ./analysis_pipeline/t1.4_protein_alignment_resource_test.py
      md5: a0ed6a56ee3a6f7a25e885e705d12be6
      size: 6657
    - path: ./data/taxa/proteins/
      md5: 8031a8d052ce815c5fabbc10ba7d7f74.dir
      size: 24264372254
      nfiles: 16666
    - path: ./data/taxa_pairs/pair_labels.csv
      md5: f2136cb3b6d8d5b17afb41d6d8e857b6
      size: 9633344
    params:
      params.yaml:
        get_protein_blast_scores.blast_metrics:
        - local_E_value
        - scaled_local_query_percent_id
        - scaled_local_symmetric_percent_id
        - local_gap_compressed_percent_id
        get_protein_blast_scores.dask_cluster_class: SLURMCluster
        get_protein_blast_scores.max_protein_length: 350
        get_protein_blast_scores.method: diamond
        get_protein_blast_scores.method_blast_params:
          num_threads: 6
          word_size: 3
          gapopen: 11
          gapextend: 1
          matrix: BLOSUM62
          threshold: 11
          ungapped: false
        get_protein_blast_scores.method_diamond_params:
          num_threads: 6
          sensitivity: ultra-sensitive
          iterate: false
          global_ranking:
          gapopen: 11
          gapextend: 1
          matrix: BLOSUM62
        get_protein_blast_scores.n_jobs: 8
    outs:
    - path: ./data/metrics/t1.4_metrics.yaml
      md5: 44ad79f70d06bd9dd1dcaa43d5dbd8e5
      size: 303
