schema: '2.0'
stages:
  protein_alignment_resource_test:
    cmd: python ./analysis_pipeline/t1.4_protein_alignment_resource_test.py
    deps:
    - path: ./analysis_pipeline/t1.4_protein_alignment_resource_test.py
      md5: 10aaee57f521999f6a4a204654acf26f
      size: 5945
    - path: ./data/taxa/proteins/
      md5: 905941f50af6d9eb35e960dcb3bcee85.dir
      size: 24260212365
      nfiles: 16664
    - path: ./data/taxa_pairs/pair_labels.csv
      md5: f2136cb3b6d8d5b17afb41d6d8e857b6
      size: 9633344
    params:
      params.yaml:
        get_protein_blast_scores.blast_metrics:
        - local_E_value
        - scaled_local_query_percent_id
        - scaled_local_symmetric_percent_id
        - local_gap_compressed_percent_id
        get_protein_blast_scores.dask_cluster_class: SLURMCluster
        get_protein_blast_scores.max_protein_length: 250
        get_protein_blast_scores.method: blast
        get_protein_blast_scores.method_blast_params:
          num_threads: 6
          word_size: 3
          gapopen: 11
          gapextend: 1
          matrix: BLOSUM62
          threshold: 11
          ungapped: false
        get_protein_blast_scores.method_diamond_params:
          num_threads: 5
          sensitivity: sensitive
          iterate: true
          global_ranking:
          gapopen: 11
          gapextend: 1
          matrix: BLOSUM62
        get_protein_blast_scores.n_jobs: 8
    outs:
    - path: ./data/metrics/t1.4_metrics.yaml
      md5: f93721b63e50422d17f33cd1dc8c8202
      size: 302
